
Microsoft Visual Studio Solution File, Format Version 12.00
# Visual Studio Version 17
VisualStudioVersion = 17.11.35327.3
MinimumVisualStudioVersion = 10.0.40219.1
Project("{FAE04EC0-301F-11D3-BF4B-00C04F79EFBC}") = "HomeWork1", "HomeWork1\HomeWork1.csproj", "{2B22BCD2-2CF7-4A19-86F8-59B26BDE022C}"
EndProject
Global
	GlobalSection(SolutionConfigurationPlatforms) = preSolution
		Debug|Any CPU = Debug|Any CPU
		Release|Any CPU = Release|Any CPU
	EndGlobalSection
	GlobalSection(ProjectConfigurationPlatforms) = postSolution
		{2B22BCD2-2CF7-4A19-86F8-59B26BDE022C}.Debug|Any CPU.ActiveCfg = Debug|Any CPU
		{2B22BCD2-2CF7-4A19-86F8-59B26BDE022C}.Debug|Any CPU.Build.0 = Debug|Any CPU
		{2B22BCD2-2CF7-4A19-86F8-59B26BDE022C}.Release|Any CPU.ActiveCfg = Release|Any CPU
		{2B22BCD2-2CF7-4A19-86F8-59B26BDE022C}.Release|Any CPU.Build.0 = Release|Any CPU
	EndGlobalSection
	GlobalSection(SolutionProperties) = preSolution
		HideSolutionNode = FALSE
	EndGlobalSection
	GlobalSection(ExtensibilityGlobals) = postSolution
		SolutionGuid = {CD87E043-D92E-4F80-B613-C8BDAE7BF850}
	EndGlobalSection
EndGlobal
