
Microsoft Visual Studio Solution File, Format Version 12.00
# Visual Studio Version 17
VisualStudioVersion = 17.11.35327.3
MinimumVisualStudioVersion = 10.0.40219.1
Project("{9A19103F-16F7-4668-BE54-9A1E7A4F7556}") = "HomeWorkN3", "HomeWorkN3\HomeWorkN3.csproj", "{A0041D27-7D29-4AF7-9D41-A046A2D5891A}"
EndProject
Project("{9A19103F-16F7-4668-BE54-9A1E7A4F7556}") = "HomeWorkN3.2", "HomeWorkN3.2\HomeWorkN3.2.csproj", "{74D082C4-9D1F-4DD0-802C-80A02A4FA68C}"
EndProject
Project("{FAE04EC0-301F-11D3-BF4B-00C04F79EFBC}") = "HomeWorkN3.3", "HomeWorkN3.3\HomeWorkN3.3.csproj", "{2EF20162-6CA3-413C-A2A9-A3B0A985E6D2}"
EndProject
Global
	GlobalSection(SolutionConfigurationPlatforms) = preSolution
		Debug|Any CPU = Debug|Any CPU
		Release|Any CPU = Release|Any CPU
	EndGlobalSection
	GlobalSection(ProjectConfigurationPlatforms) = postSolution
		{A0041D27-7D29-4AF7-9D41-A046A2D5891A}.Debug|Any CPU.ActiveCfg = Debug|Any CPU
		{A0041D27-7D29-4AF7-9D41-A046A2D5891A}.Debug|Any CPU.Build.0 = Debug|Any CPU
		{A0041D27-7D29-4AF7-9D41-A046A2D5891A}.Release|Any CPU.ActiveCfg = Release|Any CPU
		{A0041D27-7D29-4AF7-9D41-A046A2D5891A}.Release|Any CPU.Build.0 = Release|Any CPU
		{74D082C4-9D1F-4DD0-802C-80A02A4FA68C}.Debug|Any CPU.ActiveCfg = Debug|Any CPU
		{74D082C4-9D1F-4DD0-802C-80A02A4FA68C}.Debug|Any CPU.Build.0 = Debug|Any CPU
		{74D082C4-9D1F-4DD0-802C-80A02A4FA68C}.Release|Any CPU.ActiveCfg = Release|Any CPU
		{74D082C4-9D1F-4DD0-802C-80A02A4FA68C}.Release|Any CPU.Build.0 = Release|Any CPU
		{2EF20162-6CA3-413C-A2A9-A3B0A985E6D2}.Debug|Any CPU.ActiveCfg = Debug|Any CPU
		{2EF20162-6CA3-413C-A2A9-A3B0A985E6D2}.Debug|Any CPU.Build.0 = Debug|Any CPU
		{2EF20162-6CA3-413C-A2A9-A3B0A985E6D2}.Release|Any CPU.ActiveCfg = Release|Any CPU
		{2EF20162-6CA3-413C-A2A9-A3B0A985E6D2}.Release|Any CPU.Build.0 = Release|Any CPU
	EndGlobalSection
	GlobalSection(SolutionProperties) = preSolution
		HideSolutionNode = FALSE
	EndGlobalSection
	GlobalSection(ExtensibilityGlobals) = postSolution
		SolutionGuid = {E3CAD546-CD2C-4E19-94C8-0ED3A24BE382}
	EndGlobalSection
EndGlobal
