
Microsoft Visual Studio Solution File, Format Version 12.00
# Visual Studio Version 17
VisualStudioVersion = 17.11.35327.3
MinimumVisualStudioVersion = 10.0.40219.1
Project("{FAE04EC0-301F-11D3-BF4B-00C04F79EFBC}") = "HomeWorkN12", "HomeWorkN12\HomeWorkN12.csproj", "{8DA5E4BF-E367-49B9-B69D-CEDE4E5BB4CE}"
EndProject
Global
	GlobalSection(SolutionConfigurationPlatforms) = preSolution
		Debug|Any CPU = Debug|Any CPU
		Release|Any CPU = Release|Any CPU
	EndGlobalSection
	GlobalSection(ProjectConfigurationPlatforms) = postSolution
		{8DA5E4BF-E367-49B9-B69D-CEDE4E5BB4CE}.Debug|Any CPU.ActiveCfg = Debug|Any CPU
		{8DA5E4BF-E367-49B9-B69D-CEDE4E5BB4CE}.Debug|Any CPU.Build.0 = Debug|Any CPU
		{8DA5E4BF-E367-49B9-B69D-CEDE4E5BB4CE}.Release|Any CPU.ActiveCfg = Release|Any CPU
		{8DA5E4BF-E367-49B9-B69D-CEDE4E5BB4CE}.Release|Any CPU.Build.0 = Release|Any CPU
	EndGlobalSection
	GlobalSection(SolutionProperties) = preSolution
		HideSolutionNode = FALSE
	EndGlobalSection
	GlobalSection(ExtensibilityGlobals) = postSolution
		SolutionGuid = {F61D3D0E-B4E5-4917-879A-6248FC36C2B9}
	EndGlobalSection
EndGlobal
