
Microsoft Visual Studio Solution File, Format Version 12.00
# Visual Studio Version 17
VisualStudioVersion = 17.11.35327.3
MinimumVisualStudioVersion = 10.0.40219.1
Project("{FAE04EC0-301F-11D3-BF4B-00C04F79EFBC}") = "HomeWorkN7", "HomeWorkN7\HomeWorkN7.csproj", "{E4442D67-D594-4A41-BA26-D3790F5C2F1C}"
EndProject
Global
	GlobalSection(SolutionConfigurationPlatforms) = preSolution
		Debug|Any CPU = Debug|Any CPU
		Release|Any CPU = Release|Any CPU
	EndGlobalSection
	GlobalSection(ProjectConfigurationPlatforms) = postSolution
		{E4442D67-D594-4A41-BA26-D3790F5C2F1C}.Debug|Any CPU.ActiveCfg = Debug|Any CPU
		{E4442D67-D594-4A41-BA26-D3790F5C2F1C}.Debug|Any CPU.Build.0 = Debug|Any CPU
		{E4442D67-D594-4A41-BA26-D3790F5C2F1C}.Release|Any CPU.ActiveCfg = Release|Any CPU
		{E4442D67-D594-4A41-BA26-D3790F5C2F1C}.Release|Any CPU.Build.0 = Release|Any CPU
	EndGlobalSection
	GlobalSection(SolutionProperties) = preSolution
		HideSolutionNode = FALSE
	EndGlobalSection
	GlobalSection(ExtensibilityGlobals) = postSolution
		SolutionGuid = {1386A3A9-F350-4E58-ABE8-06021D886D39}
	EndGlobalSection
EndGlobal
