
Microsoft Visual Studio Solution File, Format Version 12.00
# Visual Studio Version 17
VisualStudioVersion = 17.11.35327.3
MinimumVisualStudioVersion = 10.0.40219.1
Project("{FAE04EC0-301F-11D3-BF4B-00C04F79EFBC}") = "HomeWorkN5", "HomeWorkN5\HomeWorkN5.csproj", "{A84BB0BB-7E02-4519-ACEA-1B2B72FB319B}"
EndProject
Global
	GlobalSection(SolutionConfigurationPlatforms) = preSolution
		Debug|Any CPU = Debug|Any CPU
		Release|Any CPU = Release|Any CPU
	EndGlobalSection
	GlobalSection(ProjectConfigurationPlatforms) = postSolution
		{A84BB0BB-7E02-4519-ACEA-1B2B72FB319B}.Debug|Any CPU.ActiveCfg = Debug|Any CPU
		{A84BB0BB-7E02-4519-ACEA-1B2B72FB319B}.Debug|Any CPU.Build.0 = Debug|Any CPU
		{A84BB0BB-7E02-4519-ACEA-1B2B72FB319B}.Release|Any CPU.ActiveCfg = Release|Any CPU
		{A84BB0BB-7E02-4519-ACEA-1B2B72FB319B}.Release|Any CPU.Build.0 = Release|Any CPU
	EndGlobalSection
	GlobalSection(SolutionProperties) = preSolution
		HideSolutionNode = FALSE
	EndGlobalSection
	GlobalSection(ExtensibilityGlobals) = postSolution
		SolutionGuid = {2B54924A-4C67-40EA-A8D2-96EF922FD6CF}
	EndGlobalSection
EndGlobal
