
Microsoft Visual Studio Solution File, Format Version 12.00
# Visual Studio Version 17
VisualStudioVersion = 17.11.35327.3
MinimumVisualStudioVersion = 10.0.40219.1
Project("{FAE04EC0-301F-11D3-BF4B-00C04F79EFBC}") = "HomeWorkN9", "HomeWorkN9\HomeWorkN9.csproj", "{05E4DFEA-21A2-400E-8B86-E9ADD1E290BF}"
EndProject
Global
	GlobalSection(SolutionConfigurationPlatforms) = preSolution
		Debug|Any CPU = Debug|Any CPU
		Release|Any CPU = Release|Any CPU
	EndGlobalSection
	GlobalSection(ProjectConfigurationPlatforms) = postSolution
		{05E4DFEA-21A2-400E-8B86-E9ADD1E290BF}.Debug|Any CPU.ActiveCfg = Debug|Any CPU
		{05E4DFEA-21A2-400E-8B86-E9ADD1E290BF}.Debug|Any CPU.Build.0 = Debug|Any CPU
		{05E4DFEA-21A2-400E-8B86-E9ADD1E290BF}.Release|Any CPU.ActiveCfg = Release|Any CPU
		{05E4DFEA-21A2-400E-8B86-E9ADD1E290BF}.Release|Any CPU.Build.0 = Release|Any CPU
	EndGlobalSection
	GlobalSection(SolutionProperties) = preSolution
		HideSolutionNode = FALSE
	EndGlobalSection
	GlobalSection(ExtensibilityGlobals) = postSolution
		SolutionGuid = {7A4049A9-C424-4D6D-B3F2-36FC9F5366B6}
	EndGlobalSection
EndGlobal
